
Microsoft Visual Studio Solution File, Format Version 12.00
# Visual Studio Version 16
VisualStudioVersion = 16.0.31605.320
MinimumVisualStudioVersion = 10.0.40219.1
Project("{FAE04EC0-301F-11D3-BF4B-00C04F79EFBC}") = "DBPasswordApp", "DBPasswordApp\DBPasswordApp.csproj", "{4CD405F9-BD2A-4BB7-BFBC-49B1BA3FE5BA}"
EndProject
Project("{FAE04EC0-301F-11D3-BF4B-00C04F79EFBC}") = "DBLibrary", "DBLibrary\DBLibrary.csproj", "{B9599072-E24E-4314-8732-BF8594806A89}"
EndProject
Global
	GlobalSection(SolutionConfigurationPlatforms) = preSolution
		Debug|Any CPU = Debug|Any CPU
		Release|Any CPU = Release|Any CPU
	EndGlobalSection
	GlobalSection(ProjectConfigurationPlatforms) = postSolution
		{4CD405F9-BD2A-4BB7-BFBC-49B1BA3FE5BA}.Debug|Any CPU.ActiveCfg = Debug|Any CPU
		{4CD405F9-BD2A-4BB7-BFBC-49B1BA3FE5BA}.Debug|Any CPU.Build.0 = Debug|Any CPU
		{4CD405F9-BD2A-4BB7-BFBC-49B1BA3FE5BA}.Release|Any CPU.ActiveCfg = Release|Any CPU
		{4CD405F9-BD2A-4BB7-BFBC-49B1BA3FE5BA}.Release|Any CPU.Build.0 = Release|Any CPU
		{B9599072-E24E-4314-8732-BF8594806A89}.Debug|Any CPU.ActiveCfg = Debug|Any CPU
		{B9599072-E24E-4314-8732-BF8594806A89}.Debug|Any CPU.Build.0 = Debug|Any CPU
		{B9599072-E24E-4314-8732-BF8594806A89}.Release|Any CPU.ActiveCfg = Release|Any CPU
		{B9599072-E24E-4314-8732-BF8594806A89}.Release|Any CPU.Build.0 = Release|Any CPU
	EndGlobalSection
	GlobalSection(SolutionProperties) = preSolution
		HideSolutionNode = FALSE
	EndGlobalSection
	GlobalSection(ExtensibilityGlobals) = postSolution
		SolutionGuid = {6AAD3CC8-ED2D-410F-879A-0C1779E93CEE}
	EndGlobalSection
EndGlobal
